
Microsoft Visual Studio Solution File, Format Version 12.00
# Visual Studio 15
VisualStudioVersion = 15.0.28124.53
MinimumVisualStudioVersion = 10.0.40219.1
Project("{FAE04EC0-301F-11D3-BF4B-00C04F79EFBC}") = "Jax3", "Jax3\Jax3.csproj", "{E001DEB0-613C-42EA-9C30-8F70E883D5AD}"
EndProject
Global
	GlobalSection(SolutionConfigurationPlatforms) = preSolution
		Debug|Any CPU = Debug|Any CPU
		Release|Any CPU = Release|Any CPU
	EndGlobalSection
	GlobalSection(ProjectConfigurationPlatforms) = postSolution
		{E001DEB0-613C-42EA-9C30-8F70E883D5AD}.Debug|Any CPU.ActiveCfg = Debug|Any CPU
		{E001DEB0-613C-42EA-9C30-8F70E883D5AD}.Debug|Any CPU.Build.0 = Debug|Any CPU
		{E001DEB0-613C-42EA-9C30-8F70E883D5AD}.Release|Any CPU.ActiveCfg = Release|Any CPU
		{E001DEB0-613C-42EA-9C30-8F70E883D5AD}.Release|Any CPU.Build.0 = Release|Any CPU
	EndGlobalSection
	GlobalSection(SolutionProperties) = preSolution
		HideSolutionNode = FALSE
	EndGlobalSection
	GlobalSection(ExtensibilityGlobals) = postSolution
		SolutionGuid = {0AA37812-4BFD-4066-AA9E-79208DDAD7FD}
	EndGlobalSection
EndGlobal
